// !$*UTF8*$!
{
	archiveVersion = 1;
	classes = {
	};
	objectVersion = 46;
	objects = {

/* Begin PBXBuildFile section */
		1FA35E6013F57B2700A6B347 /* UIKit.framework in Frameworks */ = {isa = PBXBuildFile; fileRef = 1FA35E5F13F57B2700A6B347 /* UIKit.framework */; };
		1FA35E6213F57B2700A6B347 /* Foundation.framework in Frameworks */ = {isa = PBXBuildFile; fileRef = 1FA35E6113F57B2700A6B347 /* Foundation.framework */; };
		1FA35E6413F57B2700A6B347 /* CoreGraphics.framework in Frameworks */ = {isa = PBXBuildFile; fileRef = 1FA35E6313F57B2700A6B347 /* CoreGraphics.framework */; };
		1FA35E6A13F57B2800A6B347 /* InfoPlist.strings in Resources */ = {isa = PBXBuildFile; fileRef = 1FA35E6813F57B2800A6B347 /* InfoPlist.strings */; };
		1FA35E6D13F57B2800A6B347 /* main.m in Sources */ = {isa = PBXBuildFile; fileRef = 1FA35E6C13F57B2800A6B347 /* main.m */; };
		1FA35E7013F57B2800A6B347 /* RSColorPickerAppDelegate.m in Sources */ = {isa = PBXBuildFile; fileRef = 1FA35E6F13F57B2800A6B347 /* RSColorPickerAppDelegate.m */; };
		1FA35E7313F57B2800A6B347 /* MainWindow.xib in Resources */ = {isa = PBXBuildFile; fileRef = 1FA35E7113F57B2800A6B347 /* MainWindow.xib */; };
		1FA35E9913F5A17E00A6B347 /* QuartzCore.framework in Frameworks */ = {isa = PBXBuildFile; fileRef = 1FA35E9813F5A17E00A6B347 /* QuartzCore.framework */; };
		1FA35EC613F5AE1500A6B347 /* RSBrightnessSlider.m in Sources */ = {isa = PBXBuildFile; fileRef = 1FA35EC313F5AE1400A6B347 /* RSBrightnessSlider.m */; };
		1FA35EC713F5AE1500A6B347 /* RSColorPickerView.m in Sources */ = {isa = PBXBuildFile; fileRef = 1FA35EC513F5AE1500A6B347 /* RSColorPickerView.m */; };
		6FB8BF611443F9190002E797 /* ANImageBitmapRep.m in Sources */ = {isa = PBXBuildFile; fileRef = 6FB8BF391443F9190002E797 /* ANImageBitmapRep.m */; };
		6FB8BF621443F9190002E797 /* BitmapContextRep.m in Sources */ = {isa = PBXBuildFile; fileRef = 6FB8BF3B1443F9190002E797 /* BitmapContextRep.m */; };
		6FB8BF631443F9190002E797 /* CGContextCreator.m in Sources */ = {isa = PBXBuildFile; fileRef = 6FB8BF3E1443F9190002E797 /* CGContextCreator.m */; };
		6FB8BF641443F9190002E797 /* CGImageContainer.m in Sources */ = {isa = PBXBuildFile; fileRef = 6FB8BF401443F9190002E797 /* CGImageContainer.m */; };
		6FB8BF681443F9190002E797 /* UIImage+ANImageBitmapRep.m in Sources */ = {isa = PBXBuildFile; fileRef = 6FB8BF491443F9190002E797 /* UIImage+ANImageBitmapRep.m */; };
		6FB8BF7E1444255F0002E797 /* ANImageBitmapRep+Crop.m in Sources */ = {isa = PBXBuildFile; fileRef = 6FB8BF791444255F0002E797 /* ANImageBitmapRep+Crop.m */; };
		6FB8BF7F1444255F0002E797 /* ANImageBitmapRep+Rotate.m in Sources */ = {isa = PBXBuildFile; fileRef = 6FB8BF7B1444255F0002E797 /* ANImageBitmapRep+Rotate.m */; };
		6FB8BF801444255F0002E797 /* ANImageBitmapRep+Scale.m in Sources */ = {isa = PBXBuildFile; fileRef = 6FB8BF7D1444255F0002E797 /* ANImageBitmapRep+Scale.m */; };
		9526014B14282CB000D3ADD7 /* BGRSLoupeLayer.m in Sources */ = {isa = PBXBuildFile; fileRef = 9526014A14282CB000D3ADD7 /* BGRSLoupeLayer.m */; };
/* End PBXBuildFile section */

/* Begin PBXFileReference section */
		1FA35E5B13F57B2700A6B347 /* RSColorPicker.app */ = {isa = PBXFileReference; explicitFileType = wrapper.application; includeInIndex = 0; path = RSColorPicker.app; sourceTree = BUILT_PRODUCTS_DIR; };
		1FA35E5F13F57B2700A6B347 /* UIKit.framework */ = {isa = PBXFileReference; lastKnownFileType = wrapper.framework; name = UIKit.framework; path = System/Library/Frameworks/UIKit.framework; sourceTree = SDKROOT; };
		1FA35E6113F57B2700A6B347 /* Foundation.framework */ = {isa = PBXFileReference; lastKnownFileType = wrapper.framework; name = Foundation.framework; path = System/Library/Frameworks/Foundation.framework; sourceTree = SDKROOT; };
		1FA35E6313F57B2700A6B347 /* CoreGraphics.framework */ = {isa = PBXFileReference; lastKnownFileType = wrapper.framework; name = CoreGraphics.framework; path = System/Library/Frameworks/CoreGraphics.framework; sourceTree = SDKROOT; };
		1FA35E6713F57B2700A6B347 /* RSColorPicker-Info.plist */ = {isa = PBXFileReference; lastKnownFileType = text.plist.xml; path = "RSColorPicker-Info.plist"; sourceTree = "<group>"; };
		1FA35E6913F57B2800A6B347 /* en */ = {isa = PBXFileReference; lastKnownFileType = text.plist.strings; name = en; path = en.lproj/InfoPlist.strings; sourceTree = "<group>"; };
		1FA35E6B13F57B2800A6B347 /* RSColorPicker-Prefix.pch */ = {isa = PBXFileReference; lastKnownFileType = sourcecode.c.h; path = "RSColorPicker-Prefix.pch"; sourceTree = "<group>"; };
		1FA35E6C13F57B2800A6B347 /* main.m */ = {isa = PBXFileReference; lastKnownFileType = sourcecode.c.objc; path = main.m; sourceTree = "<group>"; };
		1FA35E6E13F57B2800A6B347 /* RSColorPickerAppDelegate.h */ = {isa = PBXFileReference; lastKnownFileType = sourcecode.c.h; path = RSColorPickerAppDelegate.h; sourceTree = "<group>"; };
		1FA35E6F13F57B2800A6B347 /* RSColorPickerAppDelegate.m */ = {isa = PBXFileReference; lastKnownFileType = sourcecode.c.objc; path = RSColorPickerAppDelegate.m; sourceTree = "<group>"; };
		1FA35E7213F57B2800A6B347 /* en */ = {isa = PBXFileReference; lastKnownFileType = file.xib; name = en; path = en.lproj/MainWindow.xib; sourceTree = "<group>"; };
		1FA35E9813F5A17E00A6B347 /* QuartzCore.framework */ = {isa = PBXFileReference; lastKnownFileType = wrapper.framework; name = QuartzCore.framework; path = System/Library/Frameworks/QuartzCore.framework; sourceTree = SDKROOT; };
		1FA35EC213F5AE1400A6B347 /* RSBrightnessSlider.h */ = {isa = PBXFileReference; fileEncoding = 4; lastKnownFileType = sourcecode.c.h; name = RSBrightnessSlider.h; path = ColorPickerClasses/RSBrightnessSlider.h; sourceTree = "<group>"; };
		1FA35EC313F5AE1400A6B347 /* RSBrightnessSlider.m */ = {isa = PBXFileReference; fileEncoding = 4; lastKnownFileType = sourcecode.c.objc; name = RSBrightnessSlider.m; path = ColorPickerClasses/RSBrightnessSlider.m; sourceTree = "<group>"; };
		1FA35EC413F5AE1400A6B347 /* RSColorPickerView.h */ = {isa = PBXFileReference; fileEncoding = 4; lastKnownFileType = sourcecode.c.h; name = RSColorPickerView.h; path = ColorPickerClasses/RSColorPickerView.h; sourceTree = "<group>"; };
		1FA35EC513F5AE1500A6B347 /* RSColorPickerView.m */ = {isa = PBXFileReference; fileEncoding = 4; lastKnownFileType = sourcecode.c.objc; name = RSColorPickerView.m; path = ColorPickerClasses/RSColorPickerView.m; sourceTree = "<group>"; };
		6FB8BF381443F9190002E797 /* ANImageBitmapRep.h */ = {isa = PBXFileReference; fileEncoding = 4; lastKnownFileType = sourcecode.c.h; path = ANImageBitmapRep.h; sourceTree = "<group>"; };
		6FB8BF391443F9190002E797 /* ANImageBitmapRep.m */ = {isa = PBXFileReference; fileEncoding = 4; lastKnownFileType = sourcecode.c.objc; path = ANImageBitmapRep.m; sourceTree = "<group>"; };
		6FB8BF3A1443F9190002E797 /* BitmapContextRep.h */ = {isa = PBXFileReference; fileEncoding = 4; lastKnownFileType = sourcecode.c.h; path = BitmapContextRep.h; sourceTree = "<group>"; };
		6FB8BF3B1443F9190002E797 /* BitmapContextRep.m */ = {isa = PBXFileReference; fileEncoding = 4; lastKnownFileType = sourcecode.c.objc; path = BitmapContextRep.m; sourceTree = "<group>"; };
		6FB8BF3D1443F9190002E797 /* CGContextCreator.h */ = {isa = PBXFileReference; fileEncoding = 4; lastKnownFileType = sourcecode.c.h; path = CGContextCreator.h; sourceTree = "<group>"; };
		6FB8BF3E1443F9190002E797 /* CGContextCreator.m */ = {isa = PBXFileReference; fileEncoding = 4; lastKnownFileType = sourcecode.c.objc; path = CGContextCreator.m; sourceTree = "<group>"; };
		6FB8BF3F1443F9190002E797 /* CGImageContainer.h */ = {isa = PBXFileReference; fileEncoding = 4; lastKnownFileType = sourcecode.c.h; path = CGImageContainer.h; sourceTree = "<group>"; };
		6FB8BF401443F9190002E797 /* CGImageContainer.m */ = {isa = PBXFileReference; fileEncoding = 4; lastKnownFileType = sourcecode.c.objc; path = CGImageContainer.m; sourceTree = "<group>"; };
		6FB8BF481443F9190002E797 /* UIImage+ANImageBitmapRep.h */ = {isa = PBXFileReference; fileEncoding = 4; lastKnownFileType = sourcecode.c.h; path = "UIImage+ANImageBitmapRep.h"; sourceTree = "<group>"; };
		6FB8BF491443F9190002E797 /* UIImage+ANImageBitmapRep.m */ = {isa = PBXFileReference; fileEncoding = 4; lastKnownFileType = sourcecode.c.objc; path = "UIImage+ANImageBitmapRep.m"; sourceTree = "<group>"; };
		6FB8BF781444255F0002E797 /* ANImageBitmapRep+Crop.h */ = {isa = PBXFileReference; fileEncoding = 4; lastKnownFileType = sourcecode.c.h; path = "ANImageBitmapRep+Crop.h"; sourceTree = "<group>"; };
		6FB8BF791444255F0002E797 /* ANImageBitmapRep+Crop.m */ = {isa = PBXFileReference; fileEncoding = 4; lastKnownFileType = sourcecode.c.objc; path = "ANImageBitmapRep+Crop.m"; sourceTree = "<group>"; };
		6FB8BF7A1444255F0002E797 /* ANImageBitmapRep+Rotate.h */ = {isa = PBXFileReference; fileEncoding = 4; lastKnownFileType = sourcecode.c.h; path = "ANImageBitmapRep+Rotate.h"; sourceTree = "<group>"; };
		6FB8BF7B1444255F0002E797 /* ANImageBitmapRep+Rotate.m */ = {isa = PBXFileReference; fileEncoding = 4; lastKnownFileType = sourcecode.c.objc; path = "ANImageBitmapRep+Rotate.m"; sourceTree = "<group>"; };
		6FB8BF7C1444255F0002E797 /* ANImageBitmapRep+Scale.h */ = {isa = PBXFileReference; fileEncoding = 4; lastKnownFileType = sourcecode.c.h; path = "ANImageBitmapRep+Scale.h"; sourceTree = "<group>"; };
		6FB8BF7D1444255F0002E797 /* ANImageBitmapRep+Scale.m */ = {isa = PBXFileReference; fileEncoding = 4; lastKnownFileType = sourcecode.c.objc; path = "ANImageBitmapRep+Scale.m"; sourceTree = "<group>"; };
		9526014914282CB000D3ADD7 /* BGRSLoupeLayer.h */ = {isa = PBXFileReference; fileEncoding = 4; lastKnownFileType = sourcecode.c.h; name = BGRSLoupeLayer.h; path = RSColorPicker/ColorPickerClasses/BGRSLoupeLayer.h; sourceTree = SOURCE_ROOT; };
		9526014A14282CB000D3ADD7 /* BGRSLoupeLayer.m */ = {isa = PBXFileReference; fileEncoding = 4; lastKnownFileType = sourcecode.c.objc; name = BGRSLoupeLayer.m; path = RSColorPicker/ColorPickerClasses/BGRSLoupeLayer.m; sourceTree = SOURCE_ROOT; };
/* End PBXFileReference section */

/* Begin PBXFrameworksBuildPhase section */
		1FA35E5813F57B2700A6B347 /* Frameworks */ = {
			isa = PBXFrameworksBuildPhase;
			buildActionMask = 2147483647;
			files = (
				1FA35E9913F5A17E00A6B347 /* QuartzCore.framework in Frameworks */,
				1FA35E6013F57B2700A6B347 /* UIKit.framework in Frameworks */,
				1FA35E6213F57B2700A6B347 /* Foundation.framework in Frameworks */,
				1FA35E6413F57B2700A6B347 /* CoreGraphics.framework in Frameworks */,
			);
			runOnlyForDeploymentPostprocessing = 0;
		};
/* End PBXFrameworksBuildPhase section */

/* Begin PBXGroup section */
		1FA35E5013F57B2700A6B347 = {
			isa = PBXGroup;
			children = (
				1FA35E6513F57B2700A6B347 /* RSColorPicker */,
				1FA35E5E13F57B2700A6B347 /* Frameworks */,
				1FA35E5C13F57B2700A6B347 /* Products */,
			);
			sourceTree = "<group>";
		};
		1FA35E5C13F57B2700A6B347 /* Products */ = {
			isa = PBXGroup;
			children = (
				1FA35E5B13F57B2700A6B347 /* RSColorPicker.app */,
			);
			name = Products;
			sourceTree = "<group>";
		};
		1FA35E5E13F57B2700A6B347 /* Frameworks */ = {
			isa = PBXGroup;
			children = (
				1FA35E9813F5A17E00A6B347 /* QuartzCore.framework */,
				1FA35E5F13F57B2700A6B347 /* UIKit.framework */,
				1FA35E6113F57B2700A6B347 /* Foundation.framework */,
				1FA35E6313F57B2700A6B347 /* CoreGraphics.framework */,
			);
			name = Frameworks;
			sourceTree = "<group>";
		};
		1FA35E6513F57B2700A6B347 /* RSColorPicker */ = {
			isa = PBXGroup;
			children = (
				6FB8BF111443F9190002E797 /* ANImageBitmapRep */,
				1FA35E6E13F57B2800A6B347 /* RSColorPickerAppDelegate.h */,
				1FA35E6F13F57B2800A6B347 /* RSColorPickerAppDelegate.m */,
				1FA35EC813F5AE1B00A6B347 /* ColorPicker */,
				1FA35E7113F57B2800A6B347 /* MainWindow.xib */,
				1FA35E6613F57B2700A6B347 /* Supporting Files */,
			);
			path = RSColorPicker;
			sourceTree = "<group>";
		};
		1FA35E6613F57B2700A6B347 /* Supporting Files */ = {
			isa = PBXGroup;
			children = (
				1FA35E6713F57B2700A6B347 /* RSColorPicker-Info.plist */,
				1FA35E6813F57B2800A6B347 /* InfoPlist.strings */,
				1FA35E6B13F57B2800A6B347 /* RSColorPicker-Prefix.pch */,
				1FA35E6C13F57B2800A6B347 /* main.m */,
			);
			name = "Supporting Files";
			sourceTree = "<group>";
		};
		1FA35EC813F5AE1B00A6B347 /* ColorPicker */ = {
			isa = PBXGroup;
			children = (
				1FA35EC213F5AE1400A6B347 /* RSBrightnessSlider.h */,
				1FA35EC313F5AE1400A6B347 /* RSBrightnessSlider.m */,
				1FA35EC413F5AE1400A6B347 /* RSColorPickerView.h */,
				1FA35EC513F5AE1500A6B347 /* RSColorPickerView.m */,
				9526014914282CB000D3ADD7 /* BGRSLoupeLayer.h */,
				9526014A14282CB000D3ADD7 /* BGRSLoupeLayer.m */,
			);
			name = ColorPicker;
			sourceTree = "<group>";
		};
		6FB8BF111443F9190002E797 /* ANImageBitmapRep */ = {
			isa = PBXGroup;
			children = (
				6FB8BF381443F9190002E797 /* ANImageBitmapRep.h */,
				6FB8BF391443F9190002E797 /* ANImageBitmapRep.m */,
				6FB8BF3A1443F9190002E797 /* BitmapContextRep.h */,
				6FB8BF3B1443F9190002E797 /* BitmapContextRep.m */,
				6FB8BF771444255F0002E797 /* Categories */,
				6FB8BF3C1443F9190002E797 /* Core Graphics */,
				6FB8BF481443F9190002E797 /* UIImage+ANImageBitmapRep.h */,
				6FB8BF491443F9190002E797 /* UIImage+ANImageBitmapRep.m */,
			);
			path = ANImageBitmapRep;
			sourceTree = "<group>";
		};
		6FB8BF3C1443F9190002E797 /* Core Graphics */ = {
			isa = PBXGroup;
			children = (
				6FB8BF3D1443F9190002E797 /* CGContextCreator.h */,
				6FB8BF3E1443F9190002E797 /* CGContextCreator.m */,
				6FB8BF3F1443F9190002E797 /* CGImageContainer.h */,
				6FB8BF401443F9190002E797 /* CGImageContainer.m */,
			);
			path = "Core Graphics";
			sourceTree = "<group>";
		};
		6FB8BF771444255F0002E797 /* Categories */ = {
			isa = PBXGroup;
			children = (
				6FB8BF781444255F0002E797 /* ANImageBitmapRep+Crop.h */,
				6FB8BF791444255F0002E797 /* ANImageBitmapRep+Crop.m */,
				6FB8BF7A1444255F0002E797 /* ANImageBitmapRep+Rotate.h */,
				6FB8BF7B1444255F0002E797 /* ANImageBitmapRep+Rotate.m */,
				6FB8BF7C1444255F0002E797 /* ANImageBitmapRep+Scale.h */,
				6FB8BF7D1444255F0002E797 /* ANImageBitmapRep+Scale.m */,
			);
			path = Categories;
			sourceTree = "<group>";
		};
/* End PBXGroup section */

/* Begin PBXNativeTarget section */
		1FA35E5A13F57B2700A6B347 /* RSColorPicker */ = {
			isa = PBXNativeTarget;
			buildConfigurationList = 1FA35E7613F57B2800A6B347 /* Build configuration list for PBXNativeTarget "RSColorPicker" */;
			buildPhases = (
				1FA35E5713F57B2700A6B347 /* Sources */,
				1FA35E5813F57B2700A6B347 /* Frameworks */,
				1FA35E5913F57B2700A6B347 /* Resources */,
			);
			buildRules = (
			);
			dependencies = (
			);
			name = RSColorPicker;
			productName = RSColorPicker;
			productReference = 1FA35E5B13F57B2700A6B347 /* RSColorPicker.app */;
			productType = "com.apple.product-type.application";
		};
/* End PBXNativeTarget section */

/* Begin PBXProject section */
		1FA35E5213F57B2700A6B347 /* Project object */ = {
			isa = PBXProject;
			attributes = {
				ORGANIZATIONNAME = "Freelance Web Developer";
			};
			buildConfigurationList = 1FA35E5513F57B2700A6B347 /* Build configuration list for PBXProject "RSColorPicker" */;
			compatibilityVersion = "Xcode 3.2";
			developmentRegion = English;
			hasScannedForEncodings = 0;
			knownRegions = (
				en,
			);
			mainGroup = 1FA35E5013F57B2700A6B347;
			productRefGroup = 1FA35E5C13F57B2700A6B347 /* Products */;
			projectDirPath = "";
			projectRoot = "";
			targets = (
				1FA35E5A13F57B2700A6B347 /* RSColorPicker */,
			);
		};
/* End PBXProject section */

/* Begin PBXResourcesBuildPhase section */
		1FA35E5913F57B2700A6B347 /* Resources */ = {
			isa = PBXResourcesBuildPhase;
			buildActionMask = 2147483647;
			files = (
				1FA35E6A13F57B2800A6B347 /* InfoPlist.strings in Resources */,
				1FA35E7313F57B2800A6B347 /* MainWindow.xib in Resources */,
			);
			runOnlyForDeploymentPostprocessing = 0;
		};
/* End PBXResourcesBuildPhase section */

/* Begin PBXSourcesBuildPhase section */
		1FA35E5713F57B2700A6B347 /* Sources */ = {
			isa = PBXSourcesBuildPhase;
			buildActionMask = 2147483647;
			files = (
				1FA35E6D13F57B2800A6B347 /* main.m in Sources */,
				1FA35E7013F57B2800A6B347 /* RSColorPickerAppDelegate.m in Sources */,
				1FA35EC613F5AE1500A6B347 /* RSBrightnessSlider.m in Sources */,
				1FA35EC713F5AE1500A6B347 /* RSColorPickerView.m in Sources */,
				9526014B14282CB000D3ADD7 /* BGRSLoupeLayer.m in Sources */,
				6FB8BF611443F9190002E797 /* ANImageBitmapRep.m in Sources */,
				6FB8BF621443F9190002E797 /* BitmapContextRep.m in Sources */,
				6FB8BF631443F9190002E797 /* CGContextCreator.m in Sources */,
				6FB8BF641443F9190002E797 /* CGImageContainer.m in Sources */,
				6FB8BF681443F9190002E797 /* UIImage+ANImageBitmapRep.m in Sources */,
				6FB8BF7E1444255F0002E797 /* ANImageBitmapRep+Crop.m in Sources */,
				6FB8BF7F1444255F0002E797 /* ANImageBitmapRep+Rotate.m in Sources */,
				6FB8BF801444255F0002E797 /* ANImageBitmapRep+Scale.m in Sources */,
			);
			runOnlyForDeploymentPostprocessing = 0;
		};
/* End PBXSourcesBuildPhase section */

/* Begin PBXVariantGroup section */
		1FA35E6813F57B2800A6B347 /* InfoPlist.strings */ = {
			isa = PBXVariantGroup;
			children = (
				1FA35E6913F57B2800A6B347 /* en */,
			);
			name = InfoPlist.strings;
			sourceTree = "<group>";
		};
		1FA35E7113F57B2800A6B347 /* MainWindow.xib */ = {
			isa = PBXVariantGroup;
			children = (
				1FA35E7213F57B2800A6B347 /* en */,
			);
			name = MainWindow.xib;
			sourceTree = "<group>";
		};
/* End PBXVariantGroup section */

/* Begin XCBuildConfiguration section */
		1FA35E7413F57B2800A6B347 /* Debug */ = {
			isa = XCBuildConfiguration;
			buildSettings = {
				ARCHS = "$(ARCHS_STANDARD_32_BIT)";
				"CODE_SIGN_IDENTITY[sdk=iphoneos*]" = "iPhone Developer";
				GCC_C_LANGUAGE_STANDARD = gnu99;
				GCC_OPTIMIZATION_LEVEL = 0;
				GCC_PREPROCESSOR_DEFINITIONS = DEBUG;
				GCC_SYMBOLS_PRIVATE_EXTERN = NO;
				GCC_VERSION = com.apple.compilers.llvmgcc42;
				GCC_WARN_ABOUT_RETURN_TYPE = YES;
				GCC_WARN_UNUSED_VARIABLE = YES;
				IPHONEOS_DEPLOYMENT_TARGET = 4.3;
				SDKROOT = iphoneos;
			};
			name = Debug;
		};
		1FA35E7513F57B2800A6B347 /* Release */ = {
			isa = XCBuildConfiguration;
			buildSettings = {
				ARCHS = "$(ARCHS_STANDARD_32_BIT)";
				"CODE_SIGN_IDENTITY[sdk=iphoneos*]" = "iPhone Developer";
				GCC_C_LANGUAGE_STANDARD = gnu99;
				GCC_VERSION = com.apple.compilers.llvmgcc42;
				GCC_WARN_ABOUT_RETURN_TYPE = YES;
				GCC_WARN_UNUSED_VARIABLE = YES;
				IPHONEOS_DEPLOYMENT_TARGET = 4.3;
				OTHER_CFLAGS = "-DNS_BLOCK_ASSERTIONS=1";
				SDKROOT = iphoneos;
			};
			name = Release;
		};
		1FA35E7713F57B2800A6B347 /* Debug */ = {
			isa = XCBuildConfiguration;
			buildSettings = {
				ALWAYS_SEARCH_USER_PATHS = NO;
				COPY_PHASE_STRIP = NO;
				GCC_DYNAMIC_NO_PIC = NO;
				GCC_PRECOMPILE_PREFIX_HEADER = YES;
				GCC_PREFIX_HEADER = "RSColorPicker/RSColorPicker-Prefix.pch";
				INFOPLIST_FILE = "RSColorPicker/RSColorPicker-Info.plist";
				PRODUCT_NAME = "$(TARGET_NAME)";
				WRAPPER_EXTENSION = app;
			};
			name = Debug;
		};
		1FA35E7813F57B2800A6B347 /* Release */ = {
			isa = XCBuildConfiguration;
			buildSettings = {
				ALWAYS_SEARCH_USER_PATHS = NO;
				COPY_PHASE_STRIP = YES;
				GCC_PRECOMPILE_PREFIX_HEADER = YES;
				GCC_PREFIX_HEADER = "RSColorPicker/RSColorPicker-Prefix.pch";
				INFOPLIST_FILE = "RSColorPicker/RSColorPicker-Info.plist";
				PRODUCT_NAME = "$(TARGET_NAME)";
				VALIDATE_PRODUCT = YES;
				WRAPPER_EXTENSION = app;
			};
			name = Release;
		};
/* End XCBuildConfiguration section */

/* Begin XCConfigurationList section */
		1FA35E5513F57B2700A6B347 /* Build configuration list for PBXProject "RSColorPicker" */ = {
			isa = XCConfigurationList;
			buildConfigurations = (
				1FA35E7413F57B2800A6B347 /* Debug */,
				1FA35E7513F57B2800A6B347 /* Release */,
			);
			defaultConfigurationIsVisible = 0;
			defaultConfigurationName = Release;
		};
		1FA35E7613F57B2800A6B347 /* Build configuration list for PBXNativeTarget "RSColorPicker" */ = {
			isa = XCConfigurationList;
			buildConfigurations = (
				1FA35E7713F57B2800A6B347 /* Debug */,
				1FA35E7813F57B2800A6B347 /* Release */,
			);
			defaultConfigurationIsVisible = 0;
			defaultConfigurationName = Release;
		};
/* End XCConfigurationList section */
	};
	rootObject = 1FA35E5213F57B2700A6B347 /* Project object */;
}
